# THIS IS AN AUTOGENERATED FILE. DO NOT EDIT THIS FILE DIRECTLY.
# yarn lockfile v1


"@surma/rollup-plugin-off-main-thread@2.0.0":
  version "2.0.0"
  resolved "https://registry.yarnpkg.com/@surma/rollup-plugin-off-main-thread/-/rollup-plugin-off-main-thread-2.0.0.tgz#76351505c9e9f588fb54358c98e5a606a06cc22b"
  integrity sha512-AdNKppDg2Pnd95+risS3/6zOvlezTYqe50j4ZIvx9OT12GCKz1mblEnbdFFS3IwUV0kxkBcayu/vN18flDn9TQ==
  dependencies:
    ejs "^2.6.1"
    magic-string "^0.25.0"
    tippex "^3.0.0"

colorette@^1.2.1:
  version "1.2.1"
  resolved "https://registry.yarnpkg.com/colorette/-/colorette-1.2.1.tgz#4d0b921325c14faf92633086a536db6e89564b1b"
  integrity sha512-puCDz0CzydiSYOrnXpz/PKd69zRrribezjtE9yd4zvytoRc8+RY/KJPvtPFKZS3E3wP6neGyMe0vOTlHO5L3Pw==

ejs@^2.6.1:
  version "2.7.4"
  resolved "https://registry.yarnpkg.com/ejs/-/ejs-2.7.4.tgz#48661287573dcc53e366c7a1ae52c3a120eec9ba"
  integrity sha512-7vmuyh5+kuUyJKePhQfRQBhXV5Ce+RnaeeQArKu1EAMpL3WbgMt5WG6uQZpEVvYSSsxMXRKOewtDk9RaTKXRlA==

esbuild@^0.8.34:
  version "0.8.37"
  resolved "https://registry.yarnpkg.com/esbuild/-/esbuild-0.8.37.tgz#375f04b734b0da500d39cacb1ad68a880c2c0831"
  integrity sha512-F8kPr56HZmmKy0mHOXyStvEXEIvaluHlXJTYiLrwdDh1cnl/RhLp6F/dnR+mOsoKLLt3O9qYZfaAPBtm1e8Pfw==

extra-scalloped-border@1.1.3:
  version "1.1.3"
  resolved "https://registry.yarnpkg.com/extra-scalloped-border/-/extra-scalloped-border-1.1.3.tgz#94a28841620f3c755c5aadee40f55f21fd63e322"
  integrity sha512-/rxYrZ3YIxAciKrXI/jenQ73C4kGsWLetEzVMQJX2qH3MAs9cWsC8l4CWnOnLxfbVLVlig/ucGlnjpW/5hcoxw==

fsevents@~2.1.2:
  version "2.1.3"
  resolved "https://registry.yarnpkg.com/fsevents/-/fsevents-2.1.3.tgz#fb738703ae8d2f9fe900c33836ddebee8b97f23e"
  integrity sha512-Auw9a4AxqWpa9GUfj370BMPzzyncfBABW8Mab7BGWBYDj4Isgq+cDKtx0i6u9jcX9pQDnswsaaOTgTmA5pEjuQ==

function-bind@^1.1.1:
  version "1.1.1"
  resolved "https://registry.yarnpkg.com/function-bind/-/function-bind-1.1.1.tgz#a56899d3ea3c9bab874bb9773b7c5ede92f4895d"
  integrity sha512-yIovAzMX49sF8Yl58fSCWJ5svSLuaibPxXQJFLmBObTuCr0Mf1KiPopGM9NiFjiYBCbfaa2Fh6breQ6ANVTI0A==

has@^1.0.3:
  version "1.0.3"
  resolved "https://registry.yarnpkg.com/has/-/has-1.0.3.tgz#722d7cbfc1f6aa8241f16dd814e011e1f41e8796"
  integrity sha512-f2dvO0VU6Oej7RkWJGrehjbzMAjFp5/VKPp5tTpWIV4JHHZK1/BxbFRtf/siA2SWTe09caDmVtYYzWEIbBS4zw==
  dependencies:
    function-bind "^1.1.1"

is-core-module@^2.1.0:
  version "2.2.0"
  resolved "https://registry.yarnpkg.com/is-core-module/-/is-core-module-2.2.0.tgz#97037ef3d52224d85163f5597b2b63d9afed981a"
  integrity sha512-XRAfAdyyY5F5cOXn7hYQDqh2Xmii+DEfIcQGxK/uNwMHhIkPWO0g8msXcbzLe+MpGoR951MlqM/2iIlU4vKDdQ==
  dependencies:
    has "^1.0.3"

magic-string@^0.25.0:
  version "0.25.7"
  resolved "https://registry.yarnpkg.com/magic-string/-/magic-string-0.25.7.tgz#3f497d6fd34c669c6798dcb821f2ef31f5445051"
  integrity sha512-4CrMT5DOHTDk4HYDlzmwu4FVCcIYI8gauveasrdCu2IKIFOJ3f0v/8MDGJCDL9oD2ppz/Av1b0Nj345H9M+XIA==
  dependencies:
    sourcemap-codec "^1.4.4"

nanoid@^3.1.20:
  version "3.1.20"
  resolved "https://registry.yarnpkg.com/nanoid/-/nanoid-3.1.20.tgz#badc263c6b1dcf14b71efaa85f6ab4c1d6cfc788"
  integrity sha512-a1cQNyczgKbLX9jwbS/+d7W8fX/RfgYR7lVWwWOGIPNgK2m0MWvrGF6/m4kk6U3QcFMnZf3RIhL0v2Jgh/0Uxw==

path-parse@^1.0.6:
  version "1.0.6"
  resolved "https://registry.yarnpkg.com/path-parse/-/path-parse-1.0.6.tgz#d62dbb5679405d72c4737ec58600e9ddcf06d24c"
  integrity sha512-GSmOT2EbHrINBf9SR7CDELwlJ8AENk3Qn7OikK4nFYAu3Ote2+JYNVvkpAEQm3/TLNEJFD/xZJjzyxg3KBWOzw==

postcss@^8.2.1:
  version "8.2.4"
  resolved "https://registry.yarnpkg.com/postcss/-/postcss-8.2.4.tgz#20a98a39cf303d15129c2865a9ec37eda0031d04"
  integrity sha512-kRFftRoExRVXZlwUuay9iC824qmXPcQQVzAjbCCgjpXnkdMCJYBu2gTwAaFBzv8ewND6O8xFb3aELmEkh9zTzg==
  dependencies:
    colorette "^1.2.1"
    nanoid "^3.1.20"
    source-map "^0.6.1"

resolve@^1.19.0:
  version "1.19.0"
  resolved "https://registry.yarnpkg.com/resolve/-/resolve-1.19.0.tgz#1af5bf630409734a067cae29318aac7fa29a267c"
  integrity sha512-rArEXAgsBG4UgRGcynxWIWKFvh/XZCcS8UJdHhwy91zwAvCZIbcs+vAbflgBnNjYMs/i/i+/Ux6IZhML1yPvxg==
  dependencies:
    is-core-module "^2.1.0"
    path-parse "^1.0.6"

rollup@^2.35.1:
  version "2.38.1"
  resolved "https://registry.yarnpkg.com/rollup/-/rollup-2.38.1.tgz#ecea0f7ce6ef2c1f023fdb79524eb7aeb670ea79"
  integrity sha512-q07T6vU/V1kqM8rGRRyCgEvIQcIAXoKIE5CpkYAlHhfiWM1Iuh4dIPWpIbqFngCK6lwAB2aYHiUVhIbSWHQWhw==
  optionalDependencies:
    fsevents "~2.1.2"

source-map@^0.6.1:
  version "0.6.1"
  resolved "https://registry.yarnpkg.com/source-map/-/source-map-0.6.1.tgz#74722af32e9614e9c287a8d0bbde48b5e2f1a263"
  integrity sha512-UjgapumWlbMhkBgzT7Ykc5YXUT46F0iKu8SGXq0bcwP5dz/h0Plj6enJqjz1Zbq2l5WaqYnrVbwWOWMyF3F47g==

sourcemap-codec@^1.4.4:
  version "1.4.8"
  resolved "https://registry.yarnpkg.com/sourcemap-codec/-/sourcemap-codec-1.4.8.tgz#ea804bd94857402e6992d05a38ef1ae35a9ab4c4"
  integrity sha512-9NykojV5Uih4lgo5So5dtw+f0JgJX30KCNI8gwhz2J9A15wD0Ml6tjHKwf6fTSa6fAdVBdZeNOs9eJ71qCk8vA==

tippex@^3.0.0:
  version "3.0.0"
  resolved "https://registry.yarnpkg.com/tippex/-/tippex-3.0.0.tgz#b17609a27ceaffe0797b387393fd99878e4d7ea9"
  integrity sha1-sXYJonzq/+B5ezhzk/2Zh45Nfqk=

vite@^2.0.0-beta.59:
  version "2.0.0-beta.59"
  resolved "https://registry.yarnpkg.com/vite/-/vite-2.0.0-beta.59.tgz#e01a795aebedc0cb44d653c33b72ab7b831057ae"
  integrity sha512-tlxEPFpVI1wV+vk+t/ypwBZfNmxKcorok8YF82MrQIqCDeRXnHvp33oWPIsRrO0V7UdnnlkKQOJJiIi3AIUFOA==
  dependencies:
    esbuild "^0.8.34"
    postcss "^8.2.1"
    resolve "^1.19.0"
    rollup "^2.35.1"
  optionalDependencies:
    fsevents "~2.1.2"
